<?xml version="1.0" encoding="utf-8"?>
<Project ToolsVersion="4.0" xmlns="http://schemas.microsoft.com/developer/msbuild/2003">
  <ItemGroup>
    <Filter Include="A. Form Files">
      <UniqueIdentifier>{99349809-55BA-4b9d-BF79-8FDBB0286EB3}</UniqueIdentifier>
      <Extensions>ui</Extensions>
    </Filter>
    <Filter Include="A. Form Files\2.1. AI">
      <UniqueIdentifier>{08b708ed-09fc-43c6-98d4-5052d9b76ede}</UniqueIdentifier>
    </Filter>
    <Filter Include="A. Form Files\2.2. PVP">
      <UniqueIdentifier>{2765f597-7411-4819-a633-3553c033cf23}</UniqueIdentifier>
    </Filter>
    <Filter Include="A. Form Files\3. Request_Dialog">
      <UniqueIdentifier>{9e8d9c2e-12c0-418e-8db5-8cd1af877138}</UniqueIdentifier>
    </Filter>
    <Filter Include="A. Form Files\1. Main_UI">
      <UniqueIdentifier>{688259d1-7524-4701-b259-fe44bf7a4bcc}</UniqueIdentifier>
    </Filter>
    <Filter Include="B. Header Files">
      <UniqueIdentifier>{93995380-89BD-4b04-88EB-625FBE52EBFB}</UniqueIdentifier>
      <Extensions>h;hh;hpp;hxx;hm;inl;inc;xsd</Extensions>
    </Filter>
    <Filter Include="B. Header Files\2.1. AI">
      <UniqueIdentifier>{491b8bb1-413e-4b59-aa18-cdb48b573118}</UniqueIdentifier>
    </Filter>
    <Filter Include="C. Resource Files">
      <UniqueIdentifier>{67DA6AB6-F800-4c08-8B7A-83BB121AAD01}</UniqueIdentifier>
      <Extensions>qrc;rc;ico;cur;bmp;dlg;rc2;rct;bin;rgs;gif;jpg;jpeg;jpe;resx;tiff;tif;png;wav;mfcribbon-ms</Extensions>
    </Filter>
    <Filter Include="D. Source Files">
      <UniqueIdentifier>{4FC737F1-C7A5-4376-A066-2A32D752A2FF}</UniqueIdentifier>
      <Extensions>cpp;c;cc;cxx;def;odl;idl;hpj;bat;asm;asmx</Extensions>
    </Filter>
    <Filter Include="E. Translation Files">
      <UniqueIdentifier>{639EADAA-A684-42e4-A9AD-28FC9BCB8F7C}</UniqueIdentifier>
      <Extensions>ts</Extensions>
    </Filter>
    <Filter Include="B. Header Files\1. Main_UI">
      <UniqueIdentifier>{783a48c7-0b4e-4517-9121-9282b3965f21}</UniqueIdentifier>
    </Filter>
    <Filter Include="B. Header Files\2.2. PVP">
      <UniqueIdentifier>{a1970e36-fa09-418e-9d81-1c69be539d2b}</UniqueIdentifier>
    </Filter>
    <Filter Include="B. Header Files\5. Animation">
      <UniqueIdentifier>{99f967cd-0f83-44ec-ae21-feab490c2717}</UniqueIdentifier>
    </Filter>
    <Filter Include="B. Header Files\3. Request_Dialog">
      <UniqueIdentifier>{a3feb851-ef2c-4d36-8360-b2ee50ec38a7}</UniqueIdentifier>
    </Filter>
    <Filter Include="B. Header Files\4. Game">
      <UniqueIdentifier>{813bb7e4-126b-49a1-b5fd-4e6ace41fb8d}</UniqueIdentifier>
    </Filter>
    <Filter Include="D. Source Files\4. Game">
      <UniqueIdentifier>{335aa1c6-cde3-4298-ab14-520b5fccbb13}</UniqueIdentifier>
    </Filter>
    <Filter Include="D. Source Files\3. Request_Dialog">
      <UniqueIdentifier>{db30968d-7a26-4973-9e72-bb06d858161f}</UniqueIdentifier>
    </Filter>
    <Filter Include="D. Source Files\5. Animation">
      <UniqueIdentifier>{9bc428d4-062b-4e78-83ae-d0d581449c5c}</UniqueIdentifier>
    </Filter>
    <Filter Include="D. Source Files\2.1. AI">
      <UniqueIdentifier>{c778dddc-71e1-453e-8d69-a9aacd55bf9b}</UniqueIdentifier>
    </Filter>
    <Filter Include="D. Source Files\1. Main_UI">
      <UniqueIdentifier>{03c431d0-f4a9-4c28-a5dc-584e48ed07b9}</UniqueIdentifier>
    </Filter>
    <Filter Include="D. Source Files\2.2. PVP">
      <UniqueIdentifier>{12e1bf38-f4fe-4907-b997-22912b40ccda}</UniqueIdentifier>
    </Filter>
  </ItemGroup>
  <ItemGroup>
    <ClCompile Include="Animation\AnimationButton.cpp">
      <Filter>D. Source Files\5. Animation</Filter>
    </ClCompile>
    <ClCompile Include="GameFunction\AI.cpp">
      <Filter>D. Source Files\2.1. AI</Filter>
    </ClCompile>
    <ClCompile Include="GameFunction\AI_Settings.cpp">
      <Filter>D. Source Files\2.1. AI</Filter>
    </ClCompile>
    <ClCompile Include="GameFunction\base_Game.cpp">
      <Filter>D. Source Files\4. Game</Filter>
    </ClCompile>
    <ClCompile Include="Main_UI\Gobang.cpp">
      <Filter>D. Source Files\1. Main_UI</Filter>
    </ClCompile>
    <ClCompile Include="Main_UI\Fun_4.cpp">
      <Filter>D. Source Files\1. Main_UI</Filter>
    </ClCompile>
    <ClCompile Include="main.cpp">
      <Filter>D. Source Files\1. Main_UI</Filter>
    </ClCompile>
    <ClCompile Include="GameFunction\Trace.cpp">
      <Filter>D. Source Files\3. Request_Dialog</Filter>
    </ClCompile>
    <ClCompile Include="GameFunction\Regame.cpp">
      <Filter>D. Source Files\3. Request_Dialog</Filter>
    </ClCompile>
    <ClCompile Include="GameFunction\Waiting_UI.cpp">
      <Filter>D. Source Files\2.2. PVP</Filter>
    </ClCompile>
    <ClCompile Include="GameFunction\password_Error.cpp">
      <Filter>D. Source Files\2.2. PVP</Filter>
    </ClCompile>
    <ClCompile Include="GameFunction\PVP_Client.cpp">
      <Filter>D. Source Files\2.2. PVP</Filter>
    </ClCompile>
    <ClCompile Include="GameFunction\pvp_Create.cpp">
      <Filter>D. Source Files\2.2. PVP</Filter>
    </ClCompile>
    <ClCompile Include="GameFunction\pvp_Join.cpp">
      <Filter>D. Source Files\2.2. PVP</Filter>
    </ClCompile>
    <ClCompile Include="GameFunction\PVP_Server.cpp">
      <Filter>D. Source Files\2.2. PVP</Filter>
    </ClCompile>
    <ClCompile Include="GameFunction\PVP_Settings.cpp">
      <Filter>D. Source Files\2.2. PVP</Filter>
    </ClCompile>
    <ClCompile Include="GameFunction\PVP_UI.cpp">
      <Filter>D. Source Files\2.2. PVP</Filter>
    </ClCompile>
  </ItemGroup>
  <ItemGroup>
    <QtRcc Include="..\..\Resource\Gobang.qrc">
      <Filter>C. Resource Files</Filter>
    </QtRcc>
    <QtRcc Include="..\..\Resource\Gobang2.qrc">
      <Filter>C. Resource Files</Filter>
    </QtRcc>
    <QtRcc Include="..\..\Resource\Gobang3.qrc">
      <Filter>C. Resource Files</Filter>
    </QtRcc>
  </ItemGroup>
  <ItemGroup>
    <QtUic Include="GameFunction\AI.ui">
      <Filter>A. Form Files\2.1. AI</Filter>
    </QtUic>
    <QtUic Include="GameFunction\AI_Settings.ui">
      <Filter>A. Form Files\2.1. AI</Filter>
    </QtUic>
    <QtUic Include="Main_UI\Fun_4.ui">
      <Filter>A. Form Files\1. Main_UI</Filter>
    </QtUic>
    <QtUic Include="Main_UI\Gobang.ui">
      <Filter>A. Form Files\1. Main_UI</Filter>
    </QtUic>
    <QtUic Include="GameFunction\password_Error.ui">
      <Filter>A. Form Files\2.2. PVP</Filter>
    </QtUic>
    <QtUic Include="GameFunction\PVP_Client.ui">
      <Filter>A. Form Files\2.2. PVP</Filter>
    </QtUic>
    <QtUic Include="GameFunction\pvp_Create.ui">
      <Filter>A. Form Files\2.2. PVP</Filter>
    </QtUic>
    <QtUic Include="GameFunction\pvp_Join.ui">
      <Filter>A. Form Files\2.2. PVP</Filter>
    </QtUic>
    <QtUic Include="GameFunction\PVP_Server.ui">
      <Filter>A. Form Files\2.2. PVP</Filter>
    </QtUic>
    <QtUic Include="GameFunction\PVP_Settings.ui">
      <Filter>A. Form Files\2.2. PVP</Filter>
    </QtUic>
    <QtUic Include="GameFunction\PVP_UI.ui">
      <Filter>A. Form Files\2.2. PVP</Filter>
    </QtUic>
    <QtUic Include="GameFunction\Waiting_UI.ui">
      <Filter>A. Form Files\2.2. PVP</Filter>
    </QtUic>
    <QtUic Include="GameFunction\Regame.ui">
      <Filter>A. Form Files\3. Request_Dialog</Filter>
    </QtUic>
    <QtUic Include="GameFunction\Trace.ui">
      <Filter>A. Form Files\3. Request_Dialog</Filter>
    </QtUic>
  </ItemGroup>
  <ItemGroup>
    <QtMoc Include="Main_UI\Gobang.h">
      <Filter>B. Header Files\1. Main_UI</Filter>
    </QtMoc>
    <QtMoc Include="GameFunction\AI_Settings.h">
      <Filter>B. Header Files\2.1. AI</Filter>
    </QtMoc>
    <QtMoc Include="GameFunction\AI.h">
      <Filter>B. Header Files\2.1. AI</Filter>
    </QtMoc>
    <QtMoc Include="Main_UI\Fun_4.h">
      <Filter>B. Header Files\1. Main_UI</Filter>
    </QtMoc>
    <QtMoc Include="GameFunction\PVP_Client.h">
      <Filter>B. Header Files\2.2. PVP</Filter>
    </QtMoc>
    <QtMoc Include="GameFunction\pvp_Create.h">
      <Filter>B. Header Files\2.2. PVP</Filter>
    </QtMoc>
    <QtMoc Include="GameFunction\PVP_Server.h">
      <Filter>B. Header Files\2.2. PVP</Filter>
    </QtMoc>
    <QtMoc Include="GameFunction\pvp_Join.h">
      <Filter>B. Header Files\2.2. PVP</Filter>
    </QtMoc>
    <QtMoc Include="GameFunction\password_Error.h">
      <Filter>B. Header Files\2.2. PVP</Filter>
    </QtMoc>
    <QtMoc Include="GameFunction\PVP_Settings.h">
      <Filter>B. Header Files\2.2. PVP</Filter>
    </QtMoc>
    <QtMoc Include="GameFunction\PVP_UI.h">
      <Filter>B. Header Files\2.2. PVP</Filter>
    </QtMoc>
    <QtMoc Include="GameFunction\Trace.h">
      <Filter>B. Header Files\3. Request_Dialog</Filter>
    </QtMoc>
    <QtMoc Include="GameFunction\Waiting_UI.h">
      <Filter>B. Header Files\2.2. PVP</Filter>
    </QtMoc>
    <QtMoc Include="Animation\AnimationButton.h">
      <Filter>B. Header Files\5. Animation</Filter>
    </QtMoc>
    <QtMoc Include="GameFunction\Regame.h">
      <Filter>B. Header Files\2.2. PVP</Filter>
    </QtMoc>
  </ItemGroup>
  <ItemGroup>
    <None Include="cpp.hint" />
  </ItemGroup>
  <ItemGroup>
    <ClInclude Include="GameFunction\base_Game.h">
      <Filter>B. Header Files\4. Game</Filter>
    </ClInclude>
  </ItemGroup>
  <ItemGroup>
    <Image Include="icon.ico">
      <Filter>C. Resource Files</Filter>
    </Image>
  </ItemGroup>
  <ItemGroup>
    <ResourceCompile Include="ICON.rc">
      <Filter>C. Resource Files</Filter>
    </ResourceCompile>
  </ItemGroup>
</Project>